
Microsoft Visual Studio Solution File, Format Version 12.00
# Visual Studio Version 17
VisualStudioVersion = 17.4.33205.214
MinimumVisualStudioVersion = 10.0.40219.1
Project("{FAE04EC0-301F-11D3-BF4B-00C04F79EFBC}") = "PDI_Feather_Tracking_WPF", "PDI_Feather_Tracking_WPF\PDI_Feather_Tracking_WPF.csproj", "{4A31EFA6-55E3-477D-B3F8-36C0072E999B}"
EndProject
Global
	GlobalSection(SolutionConfigurationPlatforms) = preSolution
		Debug|Any CPU = Debug|Any CPU
		Release|Any CPU = Release|Any CPU
	EndGlobalSection
	GlobalSection(ProjectConfigurationPlatforms) = postSolution
		{4A31EFA6-55E3-477D-B3F8-36C0072E999B}.Debug|Any CPU.ActiveCfg = Debug|Any CPU
		{4A31EFA6-55E3-477D-B3F8-36C0072E999B}.Debug|Any CPU.Build.0 = Debug|Any CPU
		{4A31EFA6-55E3-477D-B3F8-36C0072E999B}.Release|Any CPU.ActiveCfg = Release|Any CPU
		{4A31EFA6-55E3-477D-B3F8-36C0072E999B}.Release|Any CPU.Build.0 = Release|Any CPU
	EndGlobalSection
	GlobalSection(SolutionProperties) = preSolution
		HideSolutionNode = FALSE
	EndGlobalSection
	GlobalSection(ExtensibilityGlobals) = postSolution
		SolutionGuid = {E888D2C9-718B-4167-82A9-74330A76E9F6}
	EndGlobalSection
EndGlobal
