
Microsoft Visual Studio Solution File, Format Version 12.00
# Visual Studio Version 17
VisualStudioVersion = 17.4.33122.133
MinimumVisualStudioVersion = 10.0.40219.1
Project("{9A19103F-16F7-4668-BE54-9A1E7A4F7556}") = "PDI_Feather_Tracking_API", "PDI_Feather_Tracking_API\PDI_Feather_Tracking_API.csproj", "{25C81CF3-B5DD-48BC-8FE7-75E8C430A12A}"
EndProject
Global
	GlobalSection(SolutionConfigurationPlatforms) = preSolution
		Debug|Any CPU = Debug|Any CPU
		Release|Any CPU = Release|Any CPU
	EndGlobalSection
	GlobalSection(ProjectConfigurationPlatforms) = postSolution
		{25C81CF3-B5DD-48BC-8FE7-75E8C430A12A}.Debug|Any CPU.ActiveCfg = Debug|Any CPU
		{25C81CF3-B5DD-48BC-8FE7-75E8C430A12A}.Debug|Any CPU.Build.0 = Debug|Any CPU
		{25C81CF3-B5DD-48BC-8FE7-75E8C430A12A}.Release|Any CPU.ActiveCfg = Release|Any CPU
		{25C81CF3-B5DD-48BC-8FE7-75E8C430A12A}.Release|Any CPU.Build.0 = Release|Any CPU
	EndGlobalSection
	GlobalSection(SolutionProperties) = preSolution
		HideSolutionNode = FALSE
	EndGlobalSection
	GlobalSection(ExtensibilityGlobals) = postSolution
		SolutionGuid = {A13567E5-8DE9-4542-8A7C-6DDAB87F3852}
	EndGlobalSection
EndGlobal
